
Microsoft Visual Studio Solution File, Format Version 12.00
# Visual Studio Version 16
VisualStudioVersion = 16.0.29728.190
MinimumVisualStudioVersion = 10.0.40219.1
Project("{FAE04EC0-301F-11D3-BF4B-00C04F79EFBC}") = "LabManagement", "LabManagement\LabManagement.csproj", "{0C3BFD6A-6650-4BED-A0C7-AE0265BB08CD}"
EndProject
Global
	GlobalSection(SolutionConfigurationPlatforms) = preSolution
		Debug|Any CPU = Debug|Any CPU
		Release|Any CPU = Release|Any CPU
	EndGlobalSection
	GlobalSection(ProjectConfigurationPlatforms) = postSolution
		{0C3BFD6A-6650-4BED-A0C7-AE0265BB08CD}.Debug|Any CPU.ActiveCfg = Debug|Any CPU
		{0C3BFD6A-6650-4BED-A0C7-AE0265BB08CD}.Debug|Any CPU.Build.0 = Debug|Any CPU
		{0C3BFD6A-6650-4BED-A0C7-AE0265BB08CD}.Release|Any CPU.ActiveCfg = Release|Any CPU
		{0C3BFD6A-6650-4BED-A0C7-AE0265BB08CD}.Release|Any CPU.Build.0 = Release|Any CPU
	EndGlobalSection
	GlobalSection(SolutionProperties) = preSolution
		HideSolutionNode = FALSE
	EndGlobalSection
	GlobalSection(ExtensibilityGlobals) = postSolution
		SolutionGuid = {8762A7AA-B5DC-4F20-A332-A2851F287893}
	EndGlobalSection
EndGlobal
